
Microsoft Visual Studio Solution File, Format Version 12.00
# Visual Studio Version 16
VisualStudioVersion = 16.0.32126.315
MinimumVisualStudioVersion = 10.0.40219.1
Project("{FAE04EC0-301F-11D3-BF4B-00C04F79EFBC}") = "21880159", "21880159.csproj", "{476739D2-45CE-46C2-9ACA-1E9E593187A8}"
EndProject
Global
	GlobalSection(SolutionConfigurationPlatforms) = preSolution
		Debug|Any CPU = Debug|Any CPU
		Release|Any CPU = Release|Any CPU
	EndGlobalSection
	GlobalSection(ProjectConfigurationPlatforms) = postSolution
		{476739D2-45CE-46C2-9ACA-1E9E593187A8}.Debug|Any CPU.ActiveCfg = Debug|Any CPU
		{476739D2-45CE-46C2-9ACA-1E9E593187A8}.Debug|Any CPU.Build.0 = Debug|Any CPU
		{476739D2-45CE-46C2-9ACA-1E9E593187A8}.Release|Any CPU.ActiveCfg = Release|Any CPU
		{476739D2-45CE-46C2-9ACA-1E9E593187A8}.Release|Any CPU.Build.0 = Release|Any CPU
	EndGlobalSection
	GlobalSection(SolutionProperties) = preSolution
		HideSolutionNode = FALSE
	EndGlobalSection
	GlobalSection(ExtensibilityGlobals) = postSolution
		SolutionGuid = {FE3CBA8E-7250-4EB0-BBD6-DDFB97CA9448}
	EndGlobalSection
EndGlobal
